
Microsoft Visual Studio Solution File, Format Version 12.00
# Visual Studio Version 17
VisualStudioVersion = 17.5.002.0
MinimumVisualStudioVersion = 10.0.40219.1
Project("{9A19103F-16F7-4668-BE54-9A1E7A4F7556}") = "MyAspNetApp", "MyAspNetApp.csproj", "{9CAFD3A7-963C-4DA1-96F9-155A4779B949}"
EndProject
Global
	GlobalSection(SolutionConfigurationPlatforms) = preSolution
		Debug|Any CPU = Debug|Any CPU
		Release|Any CPU = Release|Any CPU
	EndGlobalSection
	GlobalSection(ProjectConfigurationPlatforms) = postSolution
		{9CAFD3A7-963C-4DA1-96F9-155A4779B949}.Debug|Any CPU.ActiveCfg = Debug|Any CPU
		{9CAFD3A7-963C-4DA1-96F9-155A4779B949}.Debug|Any CPU.Build.0 = Debug|Any CPU
		{9CAFD3A7-963C-4DA1-96F9-155A4779B949}.Release|Any CPU.ActiveCfg = Release|Any CPU
		{9CAFD3A7-963C-4DA1-96F9-155A4779B949}.Release|Any CPU.Build.0 = Release|Any CPU
	EndGlobalSection
	GlobalSection(SolutionProperties) = preSolution
		HideSolutionNode = FALSE
	EndGlobalSection
	GlobalSection(ExtensibilityGlobals) = postSolution
		SolutionGuid = {0EDF3D28-6136-48AE-A53C-5F0B33A33C20}
	EndGlobalSection
EndGlobal
